{
    "lockfileVersion": 3,
    "name": "ai-quick-fix",
    "packages": {
        "": {
            "devDependencies": {
                "@types/node": "^20.19.33",
                "@types/vscode": "^1.74.0",
                "typescript": "^5.5.4"
            },
            "engines": {
                "vscode": "^1.74.0"
            },
            "name": "ai-quick-fix",
            "version": "0.1.7"
        },
        "node_modules/@types/node": {
            "dependencies": {
                "undici-types": "~6.21.0"
            },
            "dev": true,
            "integrity": "sha512-Rs1bVAIdBs5gbTIKza/tgpMuG1k3U/UMJLWecIMxNdJFDMzcM5LOiLVRYh3PilWEYDIeUDv7bpiHPLPsbydGcw==",
            "license": "MIT",
            "resolved": "https://registry.npmjs.org/@types/node/-/node-20.19.33.tgz",
            "version": "20.19.33"
        },
        "node_modules/@types/vscode": {
            "dev": true,
            "integrity": "sha512-0Pf95rnwEIwDbmXGC08r0B4TQhAbsHQ5UyTIgVgoieDe4cOnf92usuR5dEczb6bTKEp7ziZH4TV1TRGPPCExtw==",
            "license": "MIT",
            "resolved": "https://registry.npmjs.org/@types/vscode/-/vscode-1.109.0.tgz",
            "version": "1.109.0"
        },
        "node_modules/typescript": {
            "bin": {
                "tsc": "bin/tsc",
                "tsserver": "bin/tsserver"
            },
            "dev": true,
            "engines": {
                "node": ">=14.17"
            },
            "integrity": "sha512-jl1vZzPDinLr9eUt3J/t7V6FgNEw9QjvBPdysz9KfQDD41fQrC2Y4vKQdiaUpFT4bXlb1RHhLpp8wtm6M5TgSw==",
            "license": "Apache-2.0",
            "resolved": "https://registry.npmjs.org/typescript/-/typescript-5.9.3.tgz",
            "version": "5.9.3"
        },
        "node_modules/undici-types": {
            "dev": true,
            "integrity": "sha512-iwDZqg0QAGrg9Rav5H4n0M64c3mkR59cJ6wQp+7C4nI0gsmExaedaYLNO44eT4AtBBwjbTiGPMlt2Md0T9H9JQ==",
            "license": "MIT",
            "resolved": "https://registry.npmjs.org/undici-types/-/undici-types-6.21.0.tgz",
            "version": "6.21.0"
        }
    },
    "requires": true,
    "version": "0.1.7"
}
